# This file is automatically @generated by Cargo.
# It is not intended for manual editing.
version = 4

[[package]]
name = "cronus-cli"
version = "0.1.0"
dependencies = [
 "cronus-core",
]

[[package]]
name = "cronus-core"
version = "0.1.0"

[[package]]
name = "cronus-tui"
version = "0.1.0"
dependencies = [
 "cronus-core",
]

[[package]]
name = "nodus"
version = "0.1.0"
